{
  "name": "paint",
  "version": "1.0.0",
  "lockfileVersion": 1,
  "requires": true,
  "dependencies": {
    "gasparesganga-jquery-loading-overlay": {
      "version": "2.1.7",
      "resolved": "https://registry.npmjs.org/gasparesganga-jquery-loading-overlay/-/gasparesganga-jquery-loading-overlay-2.1.7.tgz",
      "integrity": "sha512-QItSCC330EPsUwdvzDO50SwQksmaMSf+loDYHiEpyc1tptXkeGXtFp36igNsT1cPTXRXlYxCW8wtK63K88SIdA==",
      "requires": {
        "jquery": ">=1.7.0"
      }
    },
    "jquery": {
      "version": "3.6.0",
      "resolved": "https://registry.npmjs.org/jquery/-/jquery-3.6.0.tgz",
      "integrity": "sha512-JVzAR/AjBvVt2BmYhxRCSYysDsPcssdmTFnzyLEts9qNwmjmu4JTAMYubEfwVOSwpQ1I1sKKFcxhZCI2buerfw=="
    }
  }
}
